
Microsoft Visual Studio Solution File, Format Version 12.00
# Visual Studio 2012
Project("{FAE04EC0-301F-11D3-BF4B-00C04F79EFBC}") = "XLibrary", "Library\XLibrary.csproj", "{79F52C0C-F7B7-4CC1-B51F-BA755A75105F}"
EndProject
Project("{FAE04EC0-301F-11D3-BF4B-00C04F79EFBC}") = "WPDHelper", "WPDHelper\WPDHelper.csproj", "{C5FE411A-1DBB-4151-B84A-DDA840F474BA}"
EndProject
Project("{FAE04EC0-301F-11D3-BF4B-00C04F79EFBC}") = "DocLibrary", "DocLibrary\DocLibrary.csproj", "{397988CE-EE7D-4C51-A218-CF116C6B43A2}"
EndProject
Project("{FAE04EC0-301F-11D3-BF4B-00C04F79EFBC}") = "SessionLibrary", "SyncLibrary\SessionLibrary.csproj", "{39E929E5-2188-42A4-8C71-57D2F0E323FD}"
EndProject
Project("{FAE04EC0-301F-11D3-BF4B-00C04F79EFBC}") = "HelperLibrary", "HelperLibrary\HelperLibrary.csproj", "{B3F1F6B9-7B34-484C-9401-A8F601192D9E}"
EndProject
Project("{FAE04EC0-301F-11D3-BF4B-00C04F79EFBC}") = "DataLibrary", "DataLibrary\DataLibrary.csproj", "{7AC738DB-1116-4A09-987E-4F8204F90808}"
EndProject
Global
	GlobalSection(SolutionConfigurationPlatforms) = preSolution
		Debug|Any CPU = Debug|Any CPU
		Release|Any CPU = Release|Any CPU
	EndGlobalSection
	GlobalSection(ProjectConfigurationPlatforms) = postSolution
		{79F52C0C-F7B7-4CC1-B51F-BA755A75105F}.Debug|Any CPU.ActiveCfg = Debug|Any CPU
		{79F52C0C-F7B7-4CC1-B51F-BA755A75105F}.Debug|Any CPU.Build.0 = Debug|Any CPU
		{79F52C0C-F7B7-4CC1-B51F-BA755A75105F}.Release|Any CPU.ActiveCfg = Release|Any CPU
		{79F52C0C-F7B7-4CC1-B51F-BA755A75105F}.Release|Any CPU.Build.0 = Release|Any CPU
		{C5FE411A-1DBB-4151-B84A-DDA840F474BA}.Debug|Any CPU.ActiveCfg = Debug|Any CPU
		{C5FE411A-1DBB-4151-B84A-DDA840F474BA}.Debug|Any CPU.Build.0 = Debug|Any CPU
		{C5FE411A-1DBB-4151-B84A-DDA840F474BA}.Release|Any CPU.ActiveCfg = Release|Any CPU
		{C5FE411A-1DBB-4151-B84A-DDA840F474BA}.Release|Any CPU.Build.0 = Release|Any CPU
		{397988CE-EE7D-4C51-A218-CF116C6B43A2}.Debug|Any CPU.ActiveCfg = Debug|Any CPU
		{397988CE-EE7D-4C51-A218-CF116C6B43A2}.Debug|Any CPU.Build.0 = Debug|Any CPU
		{397988CE-EE7D-4C51-A218-CF116C6B43A2}.Release|Any CPU.ActiveCfg = Release|Any CPU
		{397988CE-EE7D-4C51-A218-CF116C6B43A2}.Release|Any CPU.Build.0 = Release|Any CPU
		{39E929E5-2188-42A4-8C71-57D2F0E323FD}.Debug|Any CPU.ActiveCfg = Debug|Any CPU
		{39E929E5-2188-42A4-8C71-57D2F0E323FD}.Debug|Any CPU.Build.0 = Debug|Any CPU
		{39E929E5-2188-42A4-8C71-57D2F0E323FD}.Release|Any CPU.ActiveCfg = Release|Any CPU
		{39E929E5-2188-42A4-8C71-57D2F0E323FD}.Release|Any CPU.Build.0 = Release|Any CPU
		{B3F1F6B9-7B34-484C-9401-A8F601192D9E}.Debug|Any CPU.ActiveCfg = Debug|Any CPU
		{B3F1F6B9-7B34-484C-9401-A8F601192D9E}.Debug|Any CPU.Build.0 = Debug|Any CPU
		{B3F1F6B9-7B34-484C-9401-A8F601192D9E}.Release|Any CPU.ActiveCfg = Release|Any CPU
		{B3F1F6B9-7B34-484C-9401-A8F601192D9E}.Release|Any CPU.Build.0 = Release|Any CPU
		{7AC738DB-1116-4A09-987E-4F8204F90808}.Debug|Any CPU.ActiveCfg = Debug|Any CPU
		{7AC738DB-1116-4A09-987E-4F8204F90808}.Debug|Any CPU.Build.0 = Debug|Any CPU
		{7AC738DB-1116-4A09-987E-4F8204F90808}.Release|Any CPU.ActiveCfg = Release|Any CPU
		{7AC738DB-1116-4A09-987E-4F8204F90808}.Release|Any CPU.Build.0 = Release|Any CPU
	EndGlobalSection
	GlobalSection(SolutionProperties) = preSolution
		HideSolutionNode = FALSE
	EndGlobalSection
EndGlobal
